PODS:
  - SDWebImage (5.12.1):
    - SDWebImage/Core (= 5.12.1)
  - SDWebImage/Core (5.12.1)

DEPENDENCIES:
  - SDWebImage

SPEC REPOS:
  trunk:
    - SDWebImage

SPEC CHECKSUMS:
  SDWebImage: 4dc3e42d9ec0c1028b960a33ac6b637bb432207b

PODFILE CHECKSUM: 6af0011929bd89347d36a55d7a0619d44738993d

COCOAPODS: 1.11.2
